
Microsoft Visual Studio Solution File, Format Version 12.00
# Visual Studio Version 16
VisualStudioVersion = 16.0.31515.178
MinimumVisualStudioVersion = 10.0.40219.1
Project("{CC5FD16D-436D-48AD-A40C-5A424C6E3E79}") = "pastebin", "pastebin\pastebin.ccproj", "{B6004BA1-EF3B-4E4F-9F9A-1918877A186D}"
EndProject
Project("{FAE04EC0-301F-11D3-BF4B-00C04F79EFBC}") = "WebRole1", "WebRole1\WebRole1.csproj", "{8AD81720-FB4A-411F-80C5-2FB3BE10039E}"
EndProject
Global
	GlobalSection(SolutionConfigurationPlatforms) = preSolution
		Debug|Any CPU = Debug|Any CPU
		Release|Any CPU = Release|Any CPU
	EndGlobalSection
	GlobalSection(ProjectConfigurationPlatforms) = postSolution
		{B6004BA1-EF3B-4E4F-9F9A-1918877A186D}.Debug|Any CPU.ActiveCfg = Debug|Any CPU
		{B6004BA1-EF3B-4E4F-9F9A-1918877A186D}.Debug|Any CPU.Build.0 = Debug|Any CPU
		{B6004BA1-EF3B-4E4F-9F9A-1918877A186D}.Release|Any CPU.ActiveCfg = Release|Any CPU
		{B6004BA1-EF3B-4E4F-9F9A-1918877A186D}.Release|Any CPU.Build.0 = Release|Any CPU
		{8AD81720-FB4A-411F-80C5-2FB3BE10039E}.Debug|Any CPU.ActiveCfg = Debug|Any CPU
		{8AD81720-FB4A-411F-80C5-2FB3BE10039E}.Debug|Any CPU.Build.0 = Debug|Any CPU
		{8AD81720-FB4A-411F-80C5-2FB3BE10039E}.Release|Any CPU.ActiveCfg = Release|Any CPU
		{8AD81720-FB4A-411F-80C5-2FB3BE10039E}.Release|Any CPU.Build.0 = Release|Any CPU
	EndGlobalSection
	GlobalSection(SolutionProperties) = preSolution
		HideSolutionNode = FALSE
	EndGlobalSection
	GlobalSection(ExtensibilityGlobals) = postSolution
		SolutionGuid = {30B1C132-886D-4533-AF47-206C5E60B54D}
	EndGlobalSection
EndGlobal
